
Microsoft Visual Studio Solution File, Format Version 12.00
# Visual Studio Version 16
VisualStudioVersion = 16.0.30320.27
MinimumVisualStudioVersion = 10.0.40219.1
Project("{9A19103F-16F7-4668-BE54-9A1E7A4F7556}") = "OmdbScrubber", "OmdbScrubber\OmdbScrubber.csproj", "{79CAEF19-C52C-41F8-BFF2-3E4EFF5BD2B2}"
EndProject
Project("{9A19103F-16F7-4668-BE54-9A1E7A4F7556}") = "OmdbSrubber.Test", "OmdbSrubber.Test\OmdbSrubber.Test.csproj", "{7C8C04F6-9152-4E05-B4DE-2E12E43E21F2}"
EndProject
Global
	GlobalSection(SolutionConfigurationPlatforms) = preSolution
		Debug|Any CPU = Debug|Any CPU
		Release|Any CPU = Release|Any CPU
	EndGlobalSection
	GlobalSection(ProjectConfigurationPlatforms) = postSolution
		{79CAEF19-C52C-41F8-BFF2-3E4EFF5BD2B2}.Debug|Any CPU.ActiveCfg = Debug|Any CPU
		{79CAEF19-C52C-41F8-BFF2-3E4EFF5BD2B2}.Debug|Any CPU.Build.0 = Debug|Any CPU
		{79CAEF19-C52C-41F8-BFF2-3E4EFF5BD2B2}.Release|Any CPU.ActiveCfg = Release|Any CPU
		{79CAEF19-C52C-41F8-BFF2-3E4EFF5BD2B2}.Release|Any CPU.Build.0 = Release|Any CPU
		{7C8C04F6-9152-4E05-B4DE-2E12E43E21F2}.Debug|Any CPU.ActiveCfg = Debug|Any CPU
		{7C8C04F6-9152-4E05-B4DE-2E12E43E21F2}.Debug|Any CPU.Build.0 = Debug|Any CPU
		{7C8C04F6-9152-4E05-B4DE-2E12E43E21F2}.Release|Any CPU.ActiveCfg = Release|Any CPU
		{7C8C04F6-9152-4E05-B4DE-2E12E43E21F2}.Release|Any CPU.Build.0 = Release|Any CPU
	EndGlobalSection
	GlobalSection(SolutionProperties) = preSolution
		HideSolutionNode = FALSE
	EndGlobalSection
	GlobalSection(ExtensibilityGlobals) = postSolution
		SolutionGuid = {F56E709E-7CEE-4ED0-9D14-FCE4AB05B099}
	EndGlobalSection
EndGlobal
