
Microsoft Visual Studio Solution File, Format Version 12.00
# Visual Studio Version 16
VisualStudioVersion = 16.0.30320.27
MinimumVisualStudioVersion = 10.0.40219.1
Project("{FAE04EC0-301F-11D3-BF4B-00C04F79EFBC}") = "UnrealEstate", "UnrealEstate\UnrealEstate.csproj", "{9C31AAFD-549A-49F2-82EA-77347C9381E4}"
EndProject
Global
	GlobalSection(SolutionConfigurationPlatforms) = preSolution
		Debug|Any CPU = Debug|Any CPU
		Release|Any CPU = Release|Any CPU
	EndGlobalSection
	GlobalSection(ProjectConfigurationPlatforms) = postSolution
		{9C31AAFD-549A-49F2-82EA-77347C9381E4}.Debug|Any CPU.ActiveCfg = Debug|Any CPU
		{9C31AAFD-549A-49F2-82EA-77347C9381E4}.Debug|Any CPU.Build.0 = Debug|Any CPU
		{9C31AAFD-549A-49F2-82EA-77347C9381E4}.Release|Any CPU.ActiveCfg = Release|Any CPU
		{9C31AAFD-549A-49F2-82EA-77347C9381E4}.Release|Any CPU.Build.0 = Release|Any CPU
	EndGlobalSection
	GlobalSection(SolutionProperties) = preSolution
		HideSolutionNode = FALSE
	EndGlobalSection
	GlobalSection(ExtensibilityGlobals) = postSolution
		SolutionGuid = {C1D04CF3-CD5A-443F-BC60-CAFC0D7EF920}
	EndGlobalSection
EndGlobal
