
Microsoft Visual Studio Solution File, Format Version 12.00
# Visual Studio Version 16
VisualStudioVersion = 16.0.30320.27
MinimumVisualStudioVersion = 10.0.40219.1
Project("{9A19103F-16F7-4668-BE54-9A1E7A4F7556}") = "UnrealEstate.Services", "UnRealEstate.Services\UnrealEstate.Services.csproj", "{31939AE5-003B-4A8A-8109-D14FF9CA860D}"
EndProject
Project("{9A19103F-16F7-4668-BE54-9A1E7A4F7556}") = "UnrealEstate.Models", "UnrealEstate.Models\UnrealEstate.Models.csproj", "{6E71F8E4-C2CB-4F7A-AB32-69FC5CAA2FC0}"
EndProject
Project("{9A19103F-16F7-4668-BE54-9A1E7A4F7556}") = "UnrealEstateApi", "UnrealEstateApi\UnrealEstateApi.csproj", "{0EDD117C-4D68-4295-BC31-484AB96024B2}"
EndProject
Global
	GlobalSection(SolutionConfigurationPlatforms) = preSolution
		Debug|Any CPU = Debug|Any CPU
		Release|Any CPU = Release|Any CPU
	EndGlobalSection
	GlobalSection(ProjectConfigurationPlatforms) = postSolution
		{31939AE5-003B-4A8A-8109-D14FF9CA860D}.Debug|Any CPU.ActiveCfg = Debug|Any CPU
		{31939AE5-003B-4A8A-8109-D14FF9CA860D}.Debug|Any CPU.Build.0 = Debug|Any CPU
		{31939AE5-003B-4A8A-8109-D14FF9CA860D}.Release|Any CPU.ActiveCfg = Release|Any CPU
		{31939AE5-003B-4A8A-8109-D14FF9CA860D}.Release|Any CPU.Build.0 = Release|Any CPU
		{6E71F8E4-C2CB-4F7A-AB32-69FC5CAA2FC0}.Debug|Any CPU.ActiveCfg = Debug|Any CPU
		{6E71F8E4-C2CB-4F7A-AB32-69FC5CAA2FC0}.Debug|Any CPU.Build.0 = Debug|Any CPU
		{6E71F8E4-C2CB-4F7A-AB32-69FC5CAA2FC0}.Release|Any CPU.ActiveCfg = Release|Any CPU
		{6E71F8E4-C2CB-4F7A-AB32-69FC5CAA2FC0}.Release|Any CPU.Build.0 = Release|Any CPU
		{0EDD117C-4D68-4295-BC31-484AB96024B2}.Debug|Any CPU.ActiveCfg = Debug|Any CPU
		{0EDD117C-4D68-4295-BC31-484AB96024B2}.Debug|Any CPU.Build.0 = Debug|Any CPU
		{0EDD117C-4D68-4295-BC31-484AB96024B2}.Release|Any CPU.ActiveCfg = Release|Any CPU
		{0EDD117C-4D68-4295-BC31-484AB96024B2}.Release|Any CPU.Build.0 = Release|Any CPU
	EndGlobalSection
	GlobalSection(SolutionProperties) = preSolution
		HideSolutionNode = FALSE
	EndGlobalSection
	GlobalSection(ExtensibilityGlobals) = postSolution
		SolutionGuid = {C1D04CF3-CD5A-443F-BC60-CAFC0D7EF920}
	EndGlobalSection
EndGlobal
