
Microsoft Visual Studio Solution File, Format Version 12.00
# Visual Studio Version 16
VisualStudioVersion = 16.0.30523.141
MinimumVisualStudioVersion = 10.0.40219.1
Project("{FAE04EC0-301F-11D3-BF4B-00C04F79EFBC}") = "MyBot", "MyBot\MyBot.csproj", "{3774F0A5-329D-4CCC-8483-83E625CEB283}"
EndProject
Global
	GlobalSection(SolutionConfigurationPlatforms) = preSolution
		Debug|Any CPU = Debug|Any CPU
		Release|Any CPU = Release|Any CPU
	EndGlobalSection
	GlobalSection(ProjectConfigurationPlatforms) = postSolution
		{3774F0A5-329D-4CCC-8483-83E625CEB283}.Debug|Any CPU.ActiveCfg = Debug|Any CPU
		{3774F0A5-329D-4CCC-8483-83E625CEB283}.Debug|Any CPU.Build.0 = Debug|Any CPU
		{3774F0A5-329D-4CCC-8483-83E625CEB283}.Release|Any CPU.ActiveCfg = Release|Any CPU
		{3774F0A5-329D-4CCC-8483-83E625CEB283}.Release|Any CPU.Build.0 = Release|Any CPU
	EndGlobalSection
	GlobalSection(SolutionProperties) = preSolution
		HideSolutionNode = FALSE
	EndGlobalSection
	GlobalSection(ExtensibilityGlobals) = postSolution
		SolutionGuid = {A367CFC4-F153-4CA4-8F19-E4267BFB7F4D}
	EndGlobalSection
EndGlobal
