
Microsoft Visual Studio Solution File, Format Version 12.00
# Visual Studio Version 16
VisualStudioVersion = 16.0.30320.27
MinimumVisualStudioVersion = 10.0.40219.1
Project("{9A19103F-16F7-4668-BE54-9A1E7A4F7556}") = "CurrencyReader", "CurrencyReader\CurrencyReader.csproj", "{B673A9A6-7743-45F8-BE94-E7A81431BF16}"
EndProject
Project("{9A19103F-16F7-4668-BE54-9A1E7A4F7556}") = "CurrencyReader.Model", "CurrencyReader.Model\CurrencyReader.Model.csproj", "{A4EDF566-7EF1-4F63-80A8-2EEC2C9B3778}"
EndProject
Project("{9A19103F-16F7-4668-BE54-9A1E7A4F7556}") = "CurrencyReader.Service", "CurrencyReader.Service\CurrencyReader.Service.csproj", "{4A5D1E25-91B1-4375-AA71-89EB4336C94B}"
EndProject
Global
	GlobalSection(SolutionConfigurationPlatforms) = preSolution
		Debug|Any CPU = Debug|Any CPU
		Release|Any CPU = Release|Any CPU
	EndGlobalSection
	GlobalSection(ProjectConfigurationPlatforms) = postSolution
		{B673A9A6-7743-45F8-BE94-E7A81431BF16}.Debug|Any CPU.ActiveCfg = Debug|Any CPU
		{B673A9A6-7743-45F8-BE94-E7A81431BF16}.Debug|Any CPU.Build.0 = Debug|Any CPU
		{B673A9A6-7743-45F8-BE94-E7A81431BF16}.Release|Any CPU.ActiveCfg = Release|Any CPU
		{B673A9A6-7743-45F8-BE94-E7A81431BF16}.Release|Any CPU.Build.0 = Release|Any CPU
		{A4EDF566-7EF1-4F63-80A8-2EEC2C9B3778}.Debug|Any CPU.ActiveCfg = Debug|Any CPU
		{A4EDF566-7EF1-4F63-80A8-2EEC2C9B3778}.Debug|Any CPU.Build.0 = Debug|Any CPU
		{A4EDF566-7EF1-4F63-80A8-2EEC2C9B3778}.Release|Any CPU.ActiveCfg = Release|Any CPU
		{A4EDF566-7EF1-4F63-80A8-2EEC2C9B3778}.Release|Any CPU.Build.0 = Release|Any CPU
		{4A5D1E25-91B1-4375-AA71-89EB4336C94B}.Debug|Any CPU.ActiveCfg = Debug|Any CPU
		{4A5D1E25-91B1-4375-AA71-89EB4336C94B}.Debug|Any CPU.Build.0 = Debug|Any CPU
		{4A5D1E25-91B1-4375-AA71-89EB4336C94B}.Release|Any CPU.ActiveCfg = Release|Any CPU
		{4A5D1E25-91B1-4375-AA71-89EB4336C94B}.Release|Any CPU.Build.0 = Release|Any CPU
	EndGlobalSection
	GlobalSection(SolutionProperties) = preSolution
		HideSolutionNode = FALSE
	EndGlobalSection
	GlobalSection(ExtensibilityGlobals) = postSolution
		SolutionGuid = {34F6434B-44F8-4B00-A004-EA60B9216AE5}
	EndGlobalSection
EndGlobal
