
Microsoft Visual Studio Solution File, Format Version 12.00
# Visual Studio Version 16
VisualStudioVersion = 16.0.30320.27
MinimumVisualStudioVersion = 10.0.40219.1
Project("{FAE04EC0-301F-11D3-BF4B-00C04F79EFBC}") = "CurrencyReader", "CurrencyReader\CurrencyReader.csproj", "{B673A9A6-7743-45F8-BE94-E7A81431BF16}"
EndProject
Global
	GlobalSection(SolutionConfigurationPlatforms) = preSolution
		Debug|Any CPU = Debug|Any CPU
		Release|Any CPU = Release|Any CPU
	EndGlobalSection
	GlobalSection(ProjectConfigurationPlatforms) = postSolution
		{B673A9A6-7743-45F8-BE94-E7A81431BF16}.Debug|Any CPU.ActiveCfg = Debug|Any CPU
		{B673A9A6-7743-45F8-BE94-E7A81431BF16}.Debug|Any CPU.Build.0 = Debug|Any CPU
		{B673A9A6-7743-45F8-BE94-E7A81431BF16}.Release|Any CPU.ActiveCfg = Release|Any CPU
		{B673A9A6-7743-45F8-BE94-E7A81431BF16}.Release|Any CPU.Build.0 = Release|Any CPU
	EndGlobalSection
	GlobalSection(SolutionProperties) = preSolution
		HideSolutionNode = FALSE
	EndGlobalSection
	GlobalSection(ExtensibilityGlobals) = postSolution
		SolutionGuid = {34F6434B-44F8-4B00-A004-EA60B9216AE5}
	EndGlobalSection
EndGlobal
